schema: '2.0'
stages:
  prepare_data:
    cmd: python ./prepare_data.py
    deps:
    - path: ./imdb-dataset.csv
      hash: md5
      md5: 308443a50e5c993e7b8a1cdb95750026
      size: 66212309
    - path: ./prepare_data.py
      hash: md5
      md5: 31325fe0177904c32d24a084bf4451ef
      size: 637
    params:
      params.yaml:
        data:
          csv_file_path: ./imdb-dataset.csv
          test_set_ratio: 0.3
          train_csv_save_path: ./train.csv
          test_csv_save_path: ./test.csv
    outs:
    - path: ./test.csv
      hash: md5
      md5: 51d90af1d8323666d161de0cec433cf9
      size: 19833030
    - path: ./train.csv
      hash: md5
      md5: cfa7da197088f8a5ffcc273a5e104874
      size: 46479308
  make_features:
    cmd: python ./make_features.py
    deps:
    - path: ./make_features.py
      hash: md5
      md5: ef60c98a7e1c5aabab04116afb609826
      size: 856
    - path: ./test.csv
      hash: md5
      md5: 51d90af1d8323666d161de0cec433cf9
      size: 19833030
    - path: ./train.csv
      hash: md5
      md5: cfa7da197088f8a5ffcc273a5e104874
      size: 46479308
    params:
      params.yaml:
        features:
          vectorizer: tfidf-vectorizer
          train_features_save_path: ./train.joblib
          test_features_save_path: ./test.joblib
    outs:
    - path: ./test.joblib
      hash: md5
      md5: 00360989c79371993725a19a7b4559be
      size: 15817219
    - path: ./train.joblib
      hash: md5
      md5: 04f721702deb3045b43a90861af5fa29
      size: 37416227
  train:
    cmd: python ./train.py
    deps:
    - path: ./train.csv
      hash: md5
      md5: cfa7da197088f8a5ffcc273a5e104874
      size: 46479308
    - path: ./train.joblib
      hash: md5
      md5: 04f721702deb3045b43a90861af5fa29
      size: 37416227
    - path: ./train.py
      hash: md5
      md5: 56651199437015bcb53a58163aa460a9
      size: 641
    params:
      params.yaml:
        train:
          penalty: l2
          C: 1.0
          solver: lbfgs
          model_save_path: ./model.joblib
    outs:
    - path: ./model.joblib
      hash: md5
      md5: f039fd8bc76b599f6f46d364afb0814c
      size: 704335
  evaluate:
    cmd: python ./evaluate.py
    deps:
    - path: ./evaluate.py
      hash: md5
      md5: fb60c01d199f3646a21897b3347d77c5
      size: 876
    - path: ./model.joblib
      hash: md5
      md5: f039fd8bc76b599f6f46d364afb0814c
      size: 704335
    - path: ./test.csv
      hash: md5
      md5: 51d90af1d8323666d161de0cec433cf9
      size: 19833030
    - path: ./test.joblib
      hash: md5
      md5: 00360989c79371993725a19a7b4559be
      size: 15817219
    params:
      params.yaml:
        evaluate:
          metric: accuracy
          results_save_path: ./results.yaml
    outs:
    - path: ./results.yaml
      hash: md5
      md5: 0b902983fa7a0b5e64cb05133faf44c8
      size: 17
